
Microsoft Visual Studio Solution File, Format Version 12.00
# Visual Studio Version 16
VisualStudioVersion = 16.0.32407.337
MinimumVisualStudioVersion = 10.0.40219.1
Project("{FAE04EC0-301F-11D3-BF4B-00C04F79EFBC}") = "EnergyBar", "EnergyBar\EnergyBar.csproj", "{56F30C42-F8C0-4DF9-87D7-2100DC5C7C46}"
EndProject
Global
	GlobalSection(SolutionConfigurationPlatforms) = preSolution
		Debug|Any CPU = Debug|Any CPU
		Release|Any CPU = Release|Any CPU
	EndGlobalSection
	GlobalSection(ProjectConfigurationPlatforms) = postSolution
		{56F30C42-F8C0-4DF9-87D7-2100DC5C7C46}.Debug|Any CPU.ActiveCfg = Debug|Any CPU
		{56F30C42-F8C0-4DF9-87D7-2100DC5C7C46}.Debug|Any CPU.Build.0 = Debug|Any CPU
		{56F30C42-F8C0-4DF9-87D7-2100DC5C7C46}.Release|Any CPU.ActiveCfg = Release|Any CPU
		{56F30C42-F8C0-4DF9-87D7-2100DC5C7C46}.Release|Any CPU.Build.0 = Release|Any CPU
	EndGlobalSection
	GlobalSection(SolutionProperties) = preSolution
		HideSolutionNode = FALSE
	EndGlobalSection
	GlobalSection(ExtensibilityGlobals) = postSolution
		SolutionGuid = {554D3E10-B450-4647-A7F8-96685CE2CA1B}
	EndGlobalSection
EndGlobal
